
Microsoft Visual Studio Solution File, Format Version 12.00
# Visual Studio Version 16
VisualStudioVersion = 16.0.28705.295
MinimumVisualStudioVersion = 10.0.40219.1
Project("{FAE04EC0-301F-11D3-BF4B-00C04F79EFBC}") = "HeroesRazor", "HeroesRazor\HeroesRazor.csproj", "{12B3F7E0-7887-4805-B702-61832D94A78B}"
EndProject
Project("{9A19103F-16F7-4668-BE54-9A1E7A4F7556}") = "Heroes.Shared", "Heroes.Shared\Heroes.Shared.csproj", "{35CB1D80-A8FA-4F10-89A1-7D15522703F5}"
EndProject
Global
	GlobalSection(SolutionConfigurationPlatforms) = preSolution
		Debug|Any CPU = Debug|Any CPU
		Release|Any CPU = Release|Any CPU
	EndGlobalSection
	GlobalSection(ProjectConfigurationPlatforms) = postSolution
		{12B3F7E0-7887-4805-B702-61832D94A78B}.Debug|Any CPU.ActiveCfg = Debug|Any CPU
		{12B3F7E0-7887-4805-B702-61832D94A78B}.Debug|Any CPU.Build.0 = Debug|Any CPU
		{12B3F7E0-7887-4805-B702-61832D94A78B}.Release|Any CPU.ActiveCfg = Release|Any CPU
		{12B3F7E0-7887-4805-B702-61832D94A78B}.Release|Any CPU.Build.0 = Release|Any CPU
		{35CB1D80-A8FA-4F10-89A1-7D15522703F5}.Debug|Any CPU.ActiveCfg = Debug|Any CPU
		{35CB1D80-A8FA-4F10-89A1-7D15522703F5}.Debug|Any CPU.Build.0 = Debug|Any CPU
		{35CB1D80-A8FA-4F10-89A1-7D15522703F5}.Release|Any CPU.ActiveCfg = Release|Any CPU
		{35CB1D80-A8FA-4F10-89A1-7D15522703F5}.Release|Any CPU.Build.0 = Release|Any CPU
	EndGlobalSection
	GlobalSection(SolutionProperties) = preSolution
		HideSolutionNode = FALSE
	EndGlobalSection
	GlobalSection(ExtensibilityGlobals) = postSolution
		SolutionGuid = {4AFB0C15-06F7-4663-A25F-A5FA7D181EF4}
	EndGlobalSection
EndGlobal
